
Microsoft Visual Studio Solution File, Format Version 12.00
# Visual Studio Version 17
VisualStudioVersion = 17.7.34018.315
MinimumVisualStudioVersion = 10.0.40219.1
Project("{FAE04EC0-301F-11D3-BF4B-00C04F79EFBC}") = "Task_1", "Task_1\Task_1.csproj", "{2AF7F511-E12A-4555-B9AC-63AEC01096AB}"
EndProject
Project("{FAE04EC0-301F-11D3-BF4B-00C04F79EFBC}") = "Task_2", "Task_2\Task_2.csproj", "{EC418ACC-BE7E-48CC-9CA6-DDE241008199}"
EndProject
Project("{FAE04EC0-301F-11D3-BF4B-00C04F79EFBC}") = "Task_3", "Task_3\Task_3.csproj", "{70FB125D-04EC-4EDF-9FEE-EE99888C59CC}"
EndProject
Project("{FAE04EC0-301F-11D3-BF4B-00C04F79EFBC}") = "Task_4", "Task_4\Task_4.csproj", "{2C4832DB-4F2E-4BB0-9D26-954F1C19C506}"
EndProject
Project("{FAE04EC0-301F-11D3-BF4B-00C04F79EFBC}") = "Task_5", "Task_5\Task_5.csproj", "{BFDDFE44-391F-49A3-B792-F38B8DA80AA0}"
EndProject
Global
	GlobalSection(SolutionConfigurationPlatforms) = preSolution
		Debug|Any CPU = Debug|Any CPU
		Release|Any CPU = Release|Any CPU
	EndGlobalSection
	GlobalSection(ProjectConfigurationPlatforms) = postSolution
		{2AF7F511-E12A-4555-B9AC-63AEC01096AB}.Debug|Any CPU.ActiveCfg = Debug|Any CPU
		{2AF7F511-E12A-4555-B9AC-63AEC01096AB}.Debug|Any CPU.Build.0 = Debug|Any CPU
		{2AF7F511-E12A-4555-B9AC-63AEC01096AB}.Release|Any CPU.ActiveCfg = Release|Any CPU
		{2AF7F511-E12A-4555-B9AC-63AEC01096AB}.Release|Any CPU.Build.0 = Release|Any CPU
		{EC418ACC-BE7E-48CC-9CA6-DDE241008199}.Debug|Any CPU.ActiveCfg = Debug|Any CPU
		{EC418ACC-BE7E-48CC-9CA6-DDE241008199}.Debug|Any CPU.Build.0 = Debug|Any CPU
		{EC418ACC-BE7E-48CC-9CA6-DDE241008199}.Release|Any CPU.ActiveCfg = Release|Any CPU
		{EC418ACC-BE7E-48CC-9CA6-DDE241008199}.Release|Any CPU.Build.0 = Release|Any CPU
		{70FB125D-04EC-4EDF-9FEE-EE99888C59CC}.Debug|Any CPU.ActiveCfg = Debug|Any CPU
		{70FB125D-04EC-4EDF-9FEE-EE99888C59CC}.Debug|Any CPU.Build.0 = Debug|Any CPU
		{70FB125D-04EC-4EDF-9FEE-EE99888C59CC}.Release|Any CPU.ActiveCfg = Release|Any CPU
		{70FB125D-04EC-4EDF-9FEE-EE99888C59CC}.Release|Any CPU.Build.0 = Release|Any CPU
		{2C4832DB-4F2E-4BB0-9D26-954F1C19C506}.Debug|Any CPU.ActiveCfg = Debug|Any CPU
		{2C4832DB-4F2E-4BB0-9D26-954F1C19C506}.Debug|Any CPU.Build.0 = Debug|Any CPU
		{2C4832DB-4F2E-4BB0-9D26-954F1C19C506}.Release|Any CPU.ActiveCfg = Release|Any CPU
		{2C4832DB-4F2E-4BB0-9D26-954F1C19C506}.Release|Any CPU.Build.0 = Release|Any CPU
		{BFDDFE44-391F-49A3-B792-F38B8DA80AA0}.Debug|Any CPU.ActiveCfg = Debug|Any CPU
		{BFDDFE44-391F-49A3-B792-F38B8DA80AA0}.Debug|Any CPU.Build.0 = Debug|Any CPU
		{BFDDFE44-391F-49A3-B792-F38B8DA80AA0}.Release|Any CPU.ActiveCfg = Release|Any CPU
		{BFDDFE44-391F-49A3-B792-F38B8DA80AA0}.Release|Any CPU.Build.0 = Release|Any CPU
	EndGlobalSection
	GlobalSection(SolutionProperties) = preSolution
		HideSolutionNode = FALSE
	EndGlobalSection
	GlobalSection(ExtensibilityGlobals) = postSolution
		SolutionGuid = {85E62942-ECE9-407D-B7BE-33D916FB9489}
	EndGlobalSection
EndGlobal
